<Solution>
  <Folder Name="/src/">
    <Project Path="src/Pharmacy Inventory  Dispensing App/PharmacyInventoryDispensingSystem.WebApi.csproj" />
    <Project Path="src/PharmacyInventoryDispensingSystem.Application/PharmacyInventoryDispensingSystem.Application.csproj" />
    <Project Path="src/PharmacyInventoryDispensingSystem.Domain/PharmacyInventoryDispensingSystem.Domain.csproj" />
    <Project Path="src/PharmacyInventoryDispensingSystem.Infrastructure/PharmacyInventoryDispensingSystem.Infrastructure.csproj" />
  </Folder>
</Solution>
